
Microsoft Visual Studio Solution File, Format Version 12.00
# Visual Studio Version 16
VisualStudioVersion = 16.0.30204.135
MinimumVisualStudioVersion = 10.0.40219.1
Project("{FAE04EC0-301F-11D3-BF4B-00C04F79EFBC}") = "Client", "Client\Client.csproj", "{193EC685-259F-4F69-A22E-94F4863FAC79}"
EndProject
Global
	GlobalSection(SolutionConfigurationPlatforms) = preSolution
		Debug|Any CPU = Debug|Any CPU
		Release|Any CPU = Release|Any CPU
	EndGlobalSection
	GlobalSection(ProjectConfigurationPlatforms) = postSolution
		{193EC685-259F-4F69-A22E-94F4863FAC79}.Debug|Any CPU.ActiveCfg = Debug|Any CPU
		{193EC685-259F-4F69-A22E-94F4863FAC79}.Debug|Any CPU.Build.0 = Debug|Any CPU
		{193EC685-259F-4F69-A22E-94F4863FAC79}.Release|Any CPU.ActiveCfg = Release|Any CPU
		{193EC685-259F-4F69-A22E-94F4863FAC79}.Release|Any CPU.Build.0 = Release|Any CPU
	EndGlobalSection
	GlobalSection(SolutionProperties) = preSolution
		HideSolutionNode = FALSE
	EndGlobalSection
	GlobalSection(ExtensibilityGlobals) = postSolution
		SolutionGuid = {428A976C-0662-45C6-B8AF-B0EC5B5E4F60}
	EndGlobalSection
EndGlobal
