
Microsoft Visual Studio Solution File, Format Version 12.00
# Visual Studio Version 16
VisualStudioVersion = 16.0.30204.135
MinimumVisualStudioVersion = 10.0.40219.1
Project("{9A19103F-16F7-4668-BE54-9A1E7A4F7556}") = "Client", "Client\Client.csproj", "{11B44EA6-D648-46A8-BBE3-D5DBA3CCEED4}"
EndProject
Project("{FAE04EC0-301F-11D3-BF4B-00C04F79EFBC}") = "Server", "Server\Server.csproj", "{E98DBA28-7AEF-4280-8141-E658BB81B172}"
EndProject
Project("{D954291E-2A0B-460D-934E-DC6B0785DB48}") = "Bindings", "Bindings\Bindings.shproj", "{B37666A1-14DC-4002-88D8-6043D152E481}"
EndProject
Global
	GlobalSection(SharedMSBuildProjectFiles) = preSolution
		Bindings\Bindings.projitems*{11b44ea6-d648-46a8-bbe3-d5dba3cceed4}*SharedItemsImports = 5
		Bindings\Bindings.projitems*{b37666a1-14dc-4002-88d8-6043d152e481}*SharedItemsImports = 13
		Bindings\Bindings.projitems*{e98dba28-7aef-4280-8141-e658bb81b172}*SharedItemsImports = 5
	EndGlobalSection
	GlobalSection(SolutionConfigurationPlatforms) = preSolution
		Debug|Any CPU = Debug|Any CPU
		Release|Any CPU = Release|Any CPU
	EndGlobalSection
	GlobalSection(ProjectConfigurationPlatforms) = postSolution
		{11B44EA6-D648-46A8-BBE3-D5DBA3CCEED4}.Debug|Any CPU.ActiveCfg = Debug|Any CPU
		{11B44EA6-D648-46A8-BBE3-D5DBA3CCEED4}.Debug|Any CPU.Build.0 = Debug|Any CPU
		{11B44EA6-D648-46A8-BBE3-D5DBA3CCEED4}.Release|Any CPU.ActiveCfg = Release|Any CPU
		{11B44EA6-D648-46A8-BBE3-D5DBA3CCEED4}.Release|Any CPU.Build.0 = Release|Any CPU
		{E98DBA28-7AEF-4280-8141-E658BB81B172}.Debug|Any CPU.ActiveCfg = Debug|Any CPU
		{E98DBA28-7AEF-4280-8141-E658BB81B172}.Debug|Any CPU.Build.0 = Debug|Any CPU
		{E98DBA28-7AEF-4280-8141-E658BB81B172}.Release|Any CPU.ActiveCfg = Release|Any CPU
		{E98DBA28-7AEF-4280-8141-E658BB81B172}.Release|Any CPU.Build.0 = Release|Any CPU
	EndGlobalSection
	GlobalSection(SolutionProperties) = preSolution
		HideSolutionNode = FALSE
	EndGlobalSection
	GlobalSection(ExtensibilityGlobals) = postSolution
		SolutionGuid = {F5183F27-2A93-48A0-A558-99AC647A59B5}
	EndGlobalSection
EndGlobal
